
Microsoft Visual Studio Solution File, Format Version 12.00
# Visual Studio Version 17
VisualStudioVersion = 17.3.32929.385
MinimumVisualStudioVersion = 10.0.40219.1
Project("{8BC9CEB8-8B4A-11D0-8D11-00A0C91BC942}") = "Project1", "Project1\Project1.vcxproj", "{E351E4DB-D9D7-460D-BB94-C86492A63DF7}"
EndProject
Global
	GlobalSection(SolutionConfigurationPlatforms) = preSolution
		Debug|x64 = Debug|x64
		Debug|x86 = Debug|x86
		Release|x64 = Release|x64
		Release|x86 = Release|x86
	EndGlobalSection
	GlobalSection(ProjectConfigurationPlatforms) = postSolution
		{E351E4DB-D9D7-460D-BB94-C86492A63DF7}.Debug|x64.ActiveCfg = Debug|x64
		{E351E4DB-D9D7-460D-BB94-C86492A63DF7}.Debug|x64.Build.0 = Debug|x64
		{E351E4DB-D9D7-460D-BB94-C86492A63DF7}.Debug|x86.ActiveCfg = Debug|Win32
		{E351E4DB-D9D7-460D-BB94-C86492A63DF7}.Debug|x86.Build.0 = Debug|Win32
		{E351E4DB-D9D7-460D-BB94-C86492A63DF7}.Release|x64.ActiveCfg = Release|x64
		{E351E4DB-D9D7-460D-BB94-C86492A63DF7}.Release|x64.Build.0 = Release|x64
		{E351E4DB-D9D7-460D-BB94-C86492A63DF7}.Release|x86.ActiveCfg = Release|Win32
		{E351E4DB-D9D7-460D-BB94-C86492A63DF7}.Release|x86.Build.0 = Release|Win32
	EndGlobalSection
	GlobalSection(SolutionProperties) = preSolution
		HideSolutionNode = FALSE
	EndGlobalSection
	GlobalSection(ExtensibilityGlobals) = postSolution
		SolutionGuid = {B341FA8A-3487-4BFB-9D95-31990F436CE2}
	EndGlobalSection
EndGlobal
