
Microsoft Visual Studio Solution File, Format Version 12.00
# Visual Studio Version 17
VisualStudioVersion = 17.3.32929.385
MinimumVisualStudioVersion = 10.0.40219.1
Project("{8BC9CEB8-8B4A-11D0-8D11-00A0C91BC942}") = "gettingready", "gettingready\gettingready.vcxproj", "{795DD52B-74A9-4BD8-A525-2AAD0B47B05B}"
EndProject
Global
	GlobalSection(SolutionConfigurationPlatforms) = preSolution
		Debug|x64 = Debug|x64
		Debug|x86 = Debug|x86
		Release|x64 = Release|x64
		Release|x86 = Release|x86
	EndGlobalSection
	GlobalSection(ProjectConfigurationPlatforms) = postSolution
		{795DD52B-74A9-4BD8-A525-2AAD0B47B05B}.Debug|x64.ActiveCfg = Debug|x64
		{795DD52B-74A9-4BD8-A525-2AAD0B47B05B}.Debug|x64.Build.0 = Debug|x64
		{795DD52B-74A9-4BD8-A525-2AAD0B47B05B}.Debug|x86.ActiveCfg = Debug|Win32
		{795DD52B-74A9-4BD8-A525-2AAD0B47B05B}.Debug|x86.Build.0 = Debug|Win32
		{795DD52B-74A9-4BD8-A525-2AAD0B47B05B}.Release|x64.ActiveCfg = Release|x64
		{795DD52B-74A9-4BD8-A525-2AAD0B47B05B}.Release|x64.Build.0 = Release|x64
		{795DD52B-74A9-4BD8-A525-2AAD0B47B05B}.Release|x86.ActiveCfg = Release|Win32
		{795DD52B-74A9-4BD8-A525-2AAD0B47B05B}.Release|x86.Build.0 = Release|Win32
	EndGlobalSection
	GlobalSection(SolutionProperties) = preSolution
		HideSolutionNode = FALSE
	EndGlobalSection
	GlobalSection(ExtensibilityGlobals) = postSolution
		SolutionGuid = {04CCA243-07D2-41A2-9741-A77CDD74AC9F}
	EndGlobalSection
EndGlobal
