
Microsoft Visual Studio Solution File, Format Version 12.00
# Visual Studio Version 17
VisualStudioVersion = 17.3.32929.385
MinimumVisualStudioVersion = 10.0.40219.1
Project("{8BC9CEB8-8B4A-11D0-8D11-00A0C91BC942}") = "struct_hw", "struct_hw\struct_hw.vcxproj", "{BAC243DD-7A7B-4B1A-912F-516AB92A916B}"
EndProject
Global
	GlobalSection(SolutionConfigurationPlatforms) = preSolution
		Debug|x64 = Debug|x64
		Debug|x86 = Debug|x86
		Release|x64 = Release|x64
		Release|x86 = Release|x86
	EndGlobalSection
	GlobalSection(ProjectConfigurationPlatforms) = postSolution
		{BAC243DD-7A7B-4B1A-912F-516AB92A916B}.Debug|x64.ActiveCfg = Debug|x64
		{BAC243DD-7A7B-4B1A-912F-516AB92A916B}.Debug|x64.Build.0 = Debug|x64
		{BAC243DD-7A7B-4B1A-912F-516AB92A916B}.Debug|x86.ActiveCfg = Debug|Win32
		{BAC243DD-7A7B-4B1A-912F-516AB92A916B}.Debug|x86.Build.0 = Debug|Win32
		{BAC243DD-7A7B-4B1A-912F-516AB92A916B}.Release|x64.ActiveCfg = Release|x64
		{BAC243DD-7A7B-4B1A-912F-516AB92A916B}.Release|x64.Build.0 = Release|x64
		{BAC243DD-7A7B-4B1A-912F-516AB92A916B}.Release|x86.ActiveCfg = Release|Win32
		{BAC243DD-7A7B-4B1A-912F-516AB92A916B}.Release|x86.Build.0 = Release|Win32
	EndGlobalSection
	GlobalSection(SolutionProperties) = preSolution
		HideSolutionNode = FALSE
	EndGlobalSection
	GlobalSection(ExtensibilityGlobals) = postSolution
		SolutionGuid = {85AE58E3-9EEA-4FBB-ABE2-3858ABD77754}
	EndGlobalSection
EndGlobal
